// !$*UTF8*$!
{
	archiveVersion = 1;
	classes = {
	};
	objectVersion = 46;
	objects = {

/* Begin PBXBuildFile section */
		C03495281B05E6D0004833DD /* main.m in Sources */ = {isa = PBXBuildFile; fileRef = C03495271B05E6D0004833DD /* main.m */; };
		C034952B1B05E6D0004833DD /* AppDelegate.m in Sources */ = {isa = PBXBuildFile; fileRef = C034952A1B05E6D0004833DD /* AppDelegate.m */; };
		C034952E1B05E6D0004833DD /* ViewController.m in Sources */ = {isa = PBXBuildFile; fileRef = C034952D1B05E6D0004833DD /* ViewController.m */; };
		C03495311B05E6D0004833DD /* Main.storyboard in Resources */ = {isa = PBXBuildFile; fileRef = C034952F1B05E6D0004833DD /* Main.storyboard */; };
		C03495331B05E6D0004833DD /* Images.xcassets in Resources */ = {isa = PBXBuildFile; fileRef = C03495321B05E6D0004833DD /* Images.xcassets */; };
		C03495361B05E6D0004833DD /* LaunchScreen.xib in Resources */ = {isa = PBXBuildFile; fileRef = C03495341B05E6D0004833DD /* LaunchScreen.xib */; };
		C03495421B05E6D0004833DD /* TB_TwitterHeader_OCTests.m in Sources */ = {isa = PBXBuildFile; fileRef = C03495411B05E6D0004833DD /* TB_TwitterHeader_OCTests.m */; };
/* End PBXBuildFile section */

/* Begin PBXContainerItemProxy section */
		C034953C1B05E6D0004833DD /* PBXContainerItemProxy */ = {
			isa = PBXContainerItemProxy;
			containerPortal = C034951A1B05E6D0004833DD /* Project object */;
			proxyType = 1;
			remoteGlobalIDString = C03495211B05E6D0004833DD;
			remoteInfo = TB_TwitterHeader_OC;
		};
/* End PBXContainerItemProxy section */

/* Begin PBXFileReference section */
		C03495221B05E6D0004833DD /* TB_TwitterHeader_OC.app */ = {isa = PBXFileReference; explicitFileType = wrapper.application; includeInIndex = 0; path = TB_TwitterHeader_OC.app; sourceTree = BUILT_PRODUCTS_DIR; };
		C03495261B05E6D0004833DD /* Info.plist */ = {isa = PBXFileReference; lastKnownFileType = text.plist.xml; path = Info.plist; sourceTree = "<group>"; };
		C03495271B05E6D0004833DD /* main.m */ = {isa = PBXFileReference; lastKnownFileType = sourcecode.c.objc; path = main.m; sourceTree = "<group>"; };
		C03495291B05E6D0004833DD /* AppDelegate.h */ = {isa = PBXFileReference; lastKnownFileType = sourcecode.c.h; path = AppDelegate.h; sourceTree = "<group>"; };
		C034952A1B05E6D0004833DD /* AppDelegate.m */ = {isa = PBXFileReference; lastKnownFileType = sourcecode.c.objc; path = AppDelegate.m; sourceTree = "<group>"; };
		C034952C1B05E6D0004833DD /* ViewController.h */ = {isa = PBXFileReference; lastKnownFileType = sourcecode.c.h; path = ViewController.h; sourceTree = "<group>"; };
		C034952D1B05E6D0004833DD /* ViewController.m */ = {isa = PBXFileReference; lastKnownFileType = sourcecode.c.objc; path = ViewController.m; sourceTree = "<group>"; };
		C03495301B05E6D0004833DD /* Base */ = {isa = PBXFileReference; lastKnownFileType = file.storyboard; name = Base; path = Base.lproj/Main.storyboard; sourceTree = "<group>"; };
		C03495321B05E6D0004833DD /* Images.xcassets */ = {isa = PBXFileReference; lastKnownFileType = folder.assetcatalog; path = Images.xcassets; sourceTree = "<group>"; };
		C03495351B05E6D0004833DD /* Base */ = {isa = PBXFileReference; lastKnownFileType = file.xib; name = Base; path = Base.lproj/LaunchScreen.xib; sourceTree = "<group>"; };
		C034953B1B05E6D0004833DD /* TB_TwitterHeader_OCTests.xctest */ = {isa = PBXFileReference; explicitFileType = wrapper.cfbundle; includeInIndex = 0; path = TB_TwitterHeader_OCTests.xctest; sourceTree = BUILT_PRODUCTS_DIR; };
		C03495401B05E6D0004833DD /* Info.plist */ = {isa = PBXFileReference; lastKnownFileType = text.plist.xml; path = Info.plist; sourceTree = "<group>"; };
		C03495411B05E6D0004833DD /* TB_TwitterHeader_OCTests.m */ = {isa = PBXFileReference; lastKnownFileType = sourcecode.c.objc; path = TB_TwitterHeader_OCTests.m; sourceTree = "<group>"; };
/* End PBXFileReference section */

/* Begin PBXFrameworksBuildPhase section */
		C034951F1B05E6D0004833DD /* Frameworks */ = {
			isa = PBXFrameworksBuildPhase;
			buildActionMask = 2147483647;
			files = (
			);
			runOnlyForDeploymentPostprocessing = 0;
		};
		C03495381B05E6D0004833DD /* Frameworks */ = {
			isa = PBXFrameworksBuildPhase;
			buildActionMask = 2147483647;
			files = (
			);
			runOnlyForDeploymentPostprocessing = 0;
		};
/* End PBXFrameworksBuildPhase section */

/* Begin PBXGroup section */
		C03495191B05E6D0004833DD = {
			isa = PBXGroup;
			children = (
				C03495241B05E6D0004833DD /* TB_TwitterHeader_OC */,
				C034953E1B05E6D0004833DD /* TB_TwitterHeader_OCTests */,
				C03495231B05E6D0004833DD /* Products */,
			);
			sourceTree = "<group>";
		};
		C03495231B05E6D0004833DD /* Products */ = {
			isa = PBXGroup;
			children = (
				C03495221B05E6D0004833DD /* TB_TwitterHeader_OC.app */,
				C034953B1B05E6D0004833DD /* TB_TwitterHeader_OCTests.xctest */,
			);
			name = Products;
			sourceTree = "<group>";
		};
		C03495241B05E6D0004833DD /* TB_TwitterHeader_OC */ = {
			isa = PBXGroup;
			children = (
				C03495291B05E6D0004833DD /* AppDelegate.h */,
				C034952A1B05E6D0004833DD /* AppDelegate.m */,
				C034952C1B05E6D0004833DD /* ViewController.h */,
				C034952D1B05E6D0004833DD /* ViewController.m */,
				C034952F1B05E6D0004833DD /* Main.storyboard */,
				C03495321B05E6D0004833DD /* Images.xcassets */,
				C03495341B05E6D0004833DD /* LaunchScreen.xib */,
				C03495251B05E6D0004833DD /* Supporting Files */,
			);
			path = TB_TwitterHeader_OC;
			sourceTree = "<group>";
		};
		C03495251B05E6D0004833DD /* Supporting Files */ = {
			isa = PBXGroup;
			children = (
				C03495261B05E6D0004833DD /* Info.plist */,
				C03495271B05E6D0004833DD /* main.m */,
			);
			name = "Supporting Files";
			sourceTree = "<group>";
		};
		C034953E1B05E6D0004833DD /* TB_TwitterHeader_OCTests */ = {
			isa = PBXGroup;
			children = (
				C03495411B05E6D0004833DD /* TB_TwitterHeader_OCTests.m */,
				C034953F1B05E6D0004833DD /* Supporting Files */,
			);
			path = TB_TwitterHeader_OCTests;
			sourceTree = "<group>";
		};
		C034953F1B05E6D0004833DD /* Supporting Files */ = {
			isa = PBXGroup;
			children = (
				C03495401B05E6D0004833DD /* Info.plist */,
			);
			name = "Supporting Files";
			sourceTree = "<group>";
		};
/* End PBXGroup section */

/* Begin PBXNativeTarget section */
		C03495211B05E6D0004833DD /* TB_TwitterHeader_OC */ = {
			isa = PBXNativeTarget;
			buildConfigurationList = C03495451B05E6D0004833DD /* Build configuration list for PBXNativeTarget "TB_TwitterHeader_OC" */;
			buildPhases = (
				C034951E1B05E6D0004833DD /* Sources */,
				C034951F1B05E6D0004833DD /* Frameworks */,
				C03495201B05E6D0004833DD /* Resources */,
			);
			buildRules = (
			);
			dependencies = (
			);
			name = TB_TwitterHeader_OC;
			productName = TB_TwitterHeader_OC;
			productReference = C03495221B05E6D0004833DD /* TB_TwitterHeader_OC.app */;
			productType = "com.apple.product-type.application";
		};
		C034953A1B05E6D0004833DD /* TB_TwitterHeader_OCTests */ = {
			isa = PBXNativeTarget;
			buildConfigurationList = C03495481B05E6D0004833DD /* Build configuration list for PBXNativeTarget "TB_TwitterHeader_OCTests" */;
			buildPhases = (
				C03495371B05E6D0004833DD /* Sources */,
				C03495381B05E6D0004833DD /* Frameworks */,
				C03495391B05E6D0004833DD /* Resources */,
			);
			buildRules = (
			);
			dependencies = (
				C034953D1B05E6D0004833DD /* PBXTargetDependency */,
			);
			name = TB_TwitterHeader_OCTests;
			productName = TB_TwitterHeader_OCTests;
			productReference = C034953B1B05E6D0004833DD /* TB_TwitterHeader_OCTests.xctest */;
			productType = "com.apple.product-type.bundle.unit-test";
		};
/* End PBXNativeTarget section */

/* Begin PBXProject section */
		C034951A1B05E6D0004833DD /* Project object */ = {
			isa = PBXProject;
			attributes = {
				LastUpgradeCheck = 0630;
				ORGANIZATIONNAME = qianzhao;
				TargetAttributes = {
					C03495211B05E6D0004833DD = {
						CreatedOnToolsVersion = 6.3.1;
					};
					C034953A1B05E6D0004833DD = {
						CreatedOnToolsVersion = 6.3.1;
						TestTargetID = C03495211B05E6D0004833DD;
					};
				};
			};
			buildConfigurationList = C034951D1B05E6D0004833DD /* Build configuration list for PBXProject "TB_TwitterHeader_OC" */;
			compatibilityVersion = "Xcode 3.2";
			developmentRegion = English;
			hasScannedForEncodings = 0;
			knownRegions = (
				en,
				Base,
			);
			mainGroup = C03495191B05E6D0004833DD;
			productRefGroup = C03495231B05E6D0004833DD /* Products */;
			projectDirPath = "";
			projectRoot = "";
			targets = (
				C03495211B05E6D0004833DD /* TB_TwitterHeader_OC */,
				C034953A1B05E6D0004833DD /* TB_TwitterHeader_OCTests */,
			);
		};
/* End PBXProject section */

/* Begin PBXResourcesBuildPhase section */
		C03495201B05E6D0004833DD /* Resources */ = {
			isa = PBXResourcesBuildPhase;
			buildActionMask = 2147483647;
			files = (
				C03495311B05E6D0004833DD /* Main.storyboard in Resources */,
				C03495361B05E6D0004833DD /* LaunchScreen.xib in Resources */,
				C03495331B05E6D0004833DD /* Images.xcassets in Resources */,
			);
			runOnlyForDeploymentPostprocessing = 0;
		};
		C03495391B05E6D0004833DD /* Resources */ = {
			isa = PBXResourcesBuildPhase;
			buildActionMask = 2147483647;
			files = (
			);
			runOnlyForDeploymentPostprocessing = 0;
		};
/* End PBXResourcesBuildPhase section */

/* Begin PBXSourcesBuildPhase section */
		C034951E1B05E6D0004833DD /* Sources */ = {
			isa = PBXSourcesBuildPhase;
			buildActionMask = 2147483647;
			files = (
				C034952E1B05E6D0004833DD /* ViewController.m in Sources */,
				C034952B1B05E6D0004833DD /* AppDelegate.m in Sources */,
				C03495281B05E6D0004833DD /* main.m in Sources */,
			);
			runOnlyForDeploymentPostprocessing = 0;
		};
		C03495371B05E6D0004833DD /* Sources */ = {
			isa = PBXSourcesBuildPhase;
			buildActionMask = 2147483647;
			files = (
				C03495421B05E6D0004833DD /* TB_TwitterHeader_OCTests.m in Sources */,
			);
			runOnlyForDeploymentPostprocessing = 0;
		};
/* End PBXSourcesBuildPhase section */

/* Begin PBXTargetDependency section */
		C034953D1B05E6D0004833DD /* PBXTargetDependency */ = {
			isa = PBXTargetDependency;
			target = C03495211B05E6D0004833DD /* TB_TwitterHeader_OC */;
			targetProxy = C034953C1B05E6D0004833DD /* PBXContainerItemProxy */;
		};
/* End PBXTargetDependency section */

/* Begin PBXVariantGroup section */
		C034952F1B05E6D0004833DD /* Main.storyboard */ = {
			isa = PBXVariantGroup;
			children = (
				C03495301B05E6D0004833DD /* Base */,
			);
			name = Main.storyboard;
			sourceTree = "<group>";
		};
		C03495341B05E6D0004833DD /* LaunchScreen.xib */ = {
			isa = PBXVariantGroup;
			children = (
				C03495351B05E6D0004833DD /* Base */,
			);
			name = LaunchScreen.xib;
			sourceTree = "<group>";
		};
/* End PBXVariantGroup section */

/* Begin XCBuildConfiguration section */
		C03495431B05E6D0004833DD /* Debug */ = {
			isa = XCBuildConfiguration;
			buildSettings = {
				ALWAYS_SEARCH_USER_PATHS = NO;
				CLANG_CXX_LANGUAGE_STANDARD = "gnu++0x";
				CLANG_CXX_LIBRARY = "libc++";
				CLANG_ENABLE_MODULES = YES;
				CLANG_ENABLE_OBJC_ARC = YES;
				CLANG_WARN_BOOL_CONVERSION = YES;
				CLANG_WARN_CONSTANT_CONVERSION = YES;
				CLANG_WARN_DIRECT_OBJC_ISA_USAGE = YES_ERROR;
				CLANG_WARN_EMPTY_BODY = YES;
				CLANG_WARN_ENUM_CONVERSION = YES;
				CLANG_WARN_INT_CONVERSION = YES;
				CLANG_WARN_OBJC_ROOT_CLASS = YES_ERROR;
				CLANG_WARN_UNREACHABLE_CODE = YES;
				CLANG_WARN__DUPLICATE_METHOD_MATCH = YES;
				"CODE_SIGN_IDENTITY[sdk=iphoneos*]" = "iPhone Developer";
				COPY_PHASE_STRIP = NO;
				DEBUG_INFORMATION_FORMAT = "dwarf-with-dsym";
				ENABLE_STRICT_OBJC_MSGSEND = YES;
				GCC_C_LANGUAGE_STANDARD = gnu99;
				GCC_DYNAMIC_NO_PIC = NO;
				GCC_NO_COMMON_BLOCKS = YES;
				GCC_OPTIMIZATION_LEVEL = 0;
				GCC_PREPROCESSOR_DEFINITIONS = (
					"DEBUG=1",
					"$(inherited)",
				);
				GCC_SYMBOLS_PRIVATE_EXTERN = NO;
				GCC_WARN_64_TO_32_BIT_CONVERSION = YES;
				GCC_WARN_ABOUT_RETURN_TYPE = YES_ERROR;
				GCC_WARN_UNDECLARED_SELECTOR = YES;
				GCC_WARN_UNINITIALIZED_AUTOS = YES_AGGRESSIVE;
				GCC_WARN_UNUSED_FUNCTION = YES;
				GCC_WARN_UNUSED_VARIABLE = YES;
				IPHONEOS_DEPLOYMENT_TARGET = 8.3;
				MTL_ENABLE_DEBUG_INFO = YES;
				ONLY_ACTIVE_ARCH = YES;
				SDKROOT = iphoneos;
				TARGETED_DEVICE_FAMILY = "1,2";
			};
			name = Debug;
		};
		C03495441B05E6D0004833DD /* Release */ = {
			isa = XCBuildConfiguration;
			buildSettings = {
				ALWAYS_SEARCH_USER_PATHS = NO;
				CLANG_CXX_LANGUAGE_STANDARD = "gnu++0x";
				CLANG_CXX_LIBRARY = "libc++";
				CLANG_ENABLE_MODULES = YES;
				CLANG_ENABLE_OBJC_ARC = YES;
				CLANG_WARN_BOOL_CONVERSION = YES;
				CLANG_WARN_CONSTANT_CONVERSION = YES;
				CLANG_WARN_DIRECT_OBJC_ISA_USAGE = YES_ERROR;
				CLANG_WARN_EMPTY_BODY = YES;
				CLANG_WARN_ENUM_CONVERSION = YES;
				CLANG_WARN_INT_CONVERSION = YES;
				CLANG_WARN_OBJC_ROOT_CLASS = YES_ERROR;
				CLANG_WARN_UNREACHABLE_CODE = YES;
				CLANG_WARN__DUPLICATE_METHOD_MATCH = YES;
				"CODE_SIGN_IDENTITY[sdk=iphoneos*]" = "iPhone Developer";
				COPY_PHASE_STRIP = NO;
				DEBUG_INFORMATION_FORMAT = "dwarf-with-dsym";
				ENABLE_NS_ASSERTIONS = NO;
				ENABLE_STRICT_OBJC_MSGSEND = YES;
				GCC_C_LANGUAGE_STANDARD = gnu99;
				GCC_NO_COMMON_BLOCKS = YES;
				GCC_WARN_64_TO_32_BIT_CONVERSION = YES;
				GCC_WARN_ABOUT_RETURN_TYPE = YES_ERROR;
				GCC_WARN_UNDECLARED_SELECTOR = YES;
				GCC_WARN_UNINITIALIZED_AUTOS = YES_AGGRESSIVE;
				GCC_WARN_UNUSED_FUNCTION = YES;
				GCC_WARN_UNUSED_VARIABLE = YES;
				IPHONEOS_DEPLOYMENT_TARGET = 8.3;
				MTL_ENABLE_DEBUG_INFO = NO;
				SDKROOT = iphoneos;
				TARGETED_DEVICE_FAMILY = "1,2";
				VALIDATE_PRODUCT = YES;
			};
			name = Release;
		};
		C03495461B05E6D0004833DD /* Debug */ = {
			isa = XCBuildConfiguration;
			buildSettings = {
				ASSETCATALOG_COMPILER_APPICON_NAME = AppIcon;
				INFOPLIST_FILE = TB_TwitterHeader_OC/Info.plist;
				LD_RUNPATH_SEARCH_PATHS = "$(inherited) @executable_path/Frameworks";
				PRODUCT_NAME = "$(TARGET_NAME)";
			};
			name = Debug;
		};
		C03495471B05E6D0004833DD /* Release */ = {
			isa = XCBuildConfiguration;
			buildSettings = {
				ASSETCATALOG_COMPILER_APPICON_NAME = AppIcon;
				INFOPLIST_FILE = TB_TwitterHeader_OC/Info.plist;
				LD_RUNPATH_SEARCH_PATHS = "$(inherited) @executable_path/Frameworks";
				PRODUCT_NAME = "$(TARGET_NAME)";
			};
			name = Release;
		};
		C03495491B05E6D0004833DD /* Debug */ = {
			isa = XCBuildConfiguration;
			buildSettings = {
				BUNDLE_LOADER = "$(TEST_HOST)";
				FRAMEWORK_SEARCH_PATHS = (
					"$(SDKROOT)/Developer/Library/Frameworks",
					"$(inherited)",
				);
				GCC_PREPROCESSOR_DEFINITIONS = (
					"DEBUG=1",
					"$(inherited)",
				);
				INFOPLIST_FILE = TB_TwitterHeader_OCTests/Info.plist;
				LD_RUNPATH_SEARCH_PATHS = "$(inherited) @executable_path/Frameworks @loader_path/Frameworks";
				PRODUCT_NAME = "$(TARGET_NAME)";
				TEST_HOST = "$(BUILT_PRODUCTS_DIR)/TB_TwitterHeader_OC.app/TB_TwitterHeader_OC";
			};
			name = Debug;
		};
		C034954A1B05E6D0004833DD /* Release */ = {
			isa = XCBuildConfiguration;
			buildSettings = {
				BUNDLE_LOADER = "$(TEST_HOST)";
				FRAMEWORK_SEARCH_PATHS = (
					"$(SDKROOT)/Developer/Library/Frameworks",
					"$(inherited)",
				);
				INFOPLIST_FILE = TB_TwitterHeader_OCTests/Info.plist;
				LD_RUNPATH_SEARCH_PATHS = "$(inherited) @executable_path/Frameworks @loader_path/Frameworks";
				PRODUCT_NAME = "$(TARGET_NAME)";
				TEST_HOST = "$(BUILT_PRODUCTS_DIR)/TB_TwitterHeader_OC.app/TB_TwitterHeader_OC";
			};
			name = Release;
		};
/* End XCBuildConfiguration section */

/* Begin XCConfigurationList section */
		C034951D1B05E6D0004833DD /* Build configuration list for PBXProject "TB_TwitterHeader_OC" */ = {
			isa = XCConfigurationList;
			buildConfigurations = (
				C03495431B05E6D0004833DD /* Debug */,
				C03495441B05E6D0004833DD /* Release */,
			);
			defaultConfigurationIsVisible = 0;
			defaultConfigurationName = Release;
		};
		C03495451B05E6D0004833DD /* Build configuration list for PBXNativeTarget "TB_TwitterHeader_OC" */ = {
			isa = XCConfigurationList;
			buildConfigurations = (
				C03495461B05E6D0004833DD /* Debug */,
				C03495471B05E6D0004833DD /* Release */,
			);
			defaultConfigurationIsVisible = 0;
		};
		C03495481B05E6D0004833DD /* Build configuration list for PBXNativeTarget "TB_TwitterHeader_OCTests" */ = {
			isa = XCConfigurationList;
			buildConfigurations = (
				C03495491B05E6D0004833DD /* Debug */,
				C034954A1B05E6D0004833DD /* Release */,
			);
			defaultConfigurationIsVisible = 0;
		};
/* End XCConfigurationList section */
	};
	rootObject = C034951A1B05E6D0004833DD /* Project object */;
}
